
Microsoft Visual Studio Solution File, Format Version 12.00
# Visual Studio Version 16
VisualStudioVersion = 16.0.30804.86
MinimumVisualStudioVersion = 10.0.40219.1
Project("{FAE04EC0-301F-11D3-BF4B-00C04F79EFBC}") = "Curve5519Port", "Curve5519Port.csproj", "{6AC01994-09E4-4F8B-9282-97BC5AB28746}"
EndProject
Global
	GlobalSection(SolutionConfigurationPlatforms) = preSolution
		Debug|Any CPU = Debug|Any CPU
		Release|Any CPU = Release|Any CPU
	EndGlobalSection
	GlobalSection(ProjectConfigurationPlatforms) = postSolution
		{6AC01994-09E4-4F8B-9282-97BC5AB28746}.Debug|Any CPU.ActiveCfg = Debug|Any CPU
		{6AC01994-09E4-4F8B-9282-97BC5AB28746}.Debug|Any CPU.Build.0 = Debug|Any CPU
		{6AC01994-09E4-4F8B-9282-97BC5AB28746}.Release|Any CPU.ActiveCfg = Release|Any CPU
		{6AC01994-09E4-4F8B-9282-97BC5AB28746}.Release|Any CPU.Build.0 = Release|Any CPU
	EndGlobalSection
	GlobalSection(SolutionProperties) = preSolution
		HideSolutionNode = FALSE
	EndGlobalSection
	GlobalSection(ExtensibilityGlobals) = postSolution
		SolutionGuid = {80B2D856-F9E0-491D-B058-E17594D96239}
	EndGlobalSection
EndGlobal
